
Microsoft Visual Studio Solution File, Format Version 12.00
# Visual Studio 15
VisualStudioVersion = 15.0.28307.2092
MinimumVisualStudioVersion = 10.0.40219.1
Project("{FAE04EC0-301F-11D3-BF4B-00C04F79EFBC}") = "AudioVideoPlay", "AudioVideoPlay\AudioVideoPlay.csproj", "{C7E2585D-1D14-4DA4-B920-E24CA0DF968D}"
EndProject
Global
	GlobalSection(SolutionConfigurationPlatforms) = preSolution
		Debug|Any CPU = Debug|Any CPU
		Release|Any CPU = Release|Any CPU
	EndGlobalSection
	GlobalSection(ProjectConfigurationPlatforms) = postSolution
		{C7E2585D-1D14-4DA4-B920-E24CA0DF968D}.Debug|Any CPU.ActiveCfg = Debug|Any CPU
		{C7E2585D-1D14-4DA4-B920-E24CA0DF968D}.Debug|Any CPU.Build.0 = Debug|Any CPU
		{C7E2585D-1D14-4DA4-B920-E24CA0DF968D}.Release|Any CPU.ActiveCfg = Release|Any CPU
		{C7E2585D-1D14-4DA4-B920-E24CA0DF968D}.Release|Any CPU.Build.0 = Release|Any CPU
	EndGlobalSection
	GlobalSection(SolutionProperties) = preSolution
		HideSolutionNode = FALSE
	EndGlobalSection
	GlobalSection(ExtensibilityGlobals) = postSolution
		SolutionGuid = {65175DEA-9911-407A-ABF0-B595628053C3}
	EndGlobalSection
EndGlobal
